
Microsoft Visual Studio Solution File, Format Version 12.00
# Visual Studio Version 16
VisualStudioVersion = 16.0.31424.327
MinimumVisualStudioVersion = 10.0.40219.1
Project("{9A19103F-16F7-4668-BE54-9A1E7A4F7556}") = "BlazoredTypeaheadSample", "BlazoredTypeaheadSample.csproj", "{7C835A3F-A240-4912-8A5F-C5E44242E21A}"
EndProject
Global
	GlobalSection(SolutionConfigurationPlatforms) = preSolution
		Debug|Any CPU = Debug|Any CPU
		Release|Any CPU = Release|Any CPU
	EndGlobalSection
	GlobalSection(ProjectConfigurationPlatforms) = postSolution
		{7C835A3F-A240-4912-8A5F-C5E44242E21A}.Debug|Any CPU.ActiveCfg = Debug|Any CPU
		{7C835A3F-A240-4912-8A5F-C5E44242E21A}.Debug|Any CPU.Build.0 = Debug|Any CPU
		{7C835A3F-A240-4912-8A5F-C5E44242E21A}.Release|Any CPU.ActiveCfg = Release|Any CPU
		{7C835A3F-A240-4912-8A5F-C5E44242E21A}.Release|Any CPU.Build.0 = Release|Any CPU
	EndGlobalSection
	GlobalSection(SolutionProperties) = preSolution
		HideSolutionNode = FALSE
	EndGlobalSection
	GlobalSection(ExtensibilityGlobals) = postSolution
		SolutionGuid = {02364F10-5C0D-47AD-90AA-696295DF7C9E}
	EndGlobalSection
EndGlobal
